// !$*UTF8*$!
{
	archiveVersion = 1;
	classes = {
	};
	objectVersion = 77;
	objects = {

/* Begin PBXBuildFile section */
		046BBF4AB5F92B363C5B2A0F /* Pods_RemiderTests.framework in Frameworks */ = {isa = PBXBuildFile; fileRef = A0CFB5E5A927D1C5E61BB620 /* Pods_RemiderTests.framework */; };
		6BFDA7FA7EB4F262CDA22842 /* Pods_Remider_RemiderUITests.framework in Frameworks */ = {isa = PBXBuildFile; fileRef = 08FEDF4D3AD91A017DE94048 /* Pods_Remider_RemiderUITests.framework */; };
		76BCFDBB2D4965E800E83F6F /* GoogleService-Info.plist in Resources */ = {isa = PBXBuildFile; fileRef = 76BCFDBA2D4965E800E83F6F /* GoogleService-Info.plist */; };
		D136B13128059BED0A679E80 /* Pods_Remider.framework in Frameworks */ = {isa = PBXBuildFile; fileRef = D85E04025C56E5196A7B4F89 /* Pods_Remider.framework */; };
/* End PBXBuildFile section */

/* Begin PBXContainerItemProxy section */
		76F34E832D3C84BF00A30E3C /* PBXContainerItemProxy */ = {
			isa = PBXContainerItemProxy;
			containerPortal = 76F34E642D3C84BD00A30E3C /* Project object */;
			proxyType = 1;
			remoteGlobalIDString = 76F34E6B2D3C84BD00A30E3C;
			remoteInfo = Remider;
		};
		76F34E8D2D3C84BF00A30E3C /* PBXContainerItemProxy */ = {
			isa = PBXContainerItemProxy;
			containerPortal = 76F34E642D3C84BD00A30E3C /* Project object */;
			proxyType = 1;
			remoteGlobalIDString = 76F34E6B2D3C84BD00A30E3C;
			remoteInfo = Remider;
		};
/* End PBXContainerItemProxy section */

/* Begin PBXFileReference section */
		08FEDF4D3AD91A017DE94048 /* Pods_Remider_RemiderUITests.framework */ = {isa = PBXFileReference; explicitFileType = wrapper.framework; includeInIndex = 0; path = Pods_Remider_RemiderUITests.framework; sourceTree = BUILT_PRODUCTS_DIR; };
		2847B286C8C3935D4C818FA0 /* Pods-RemiderTests.release.xcconfig */ = {isa = PBXFileReference; includeInIndex = 1; lastKnownFileType = text.xcconfig; name = "Pods-RemiderTests.release.xcconfig"; path = "Target Support Files/Pods-RemiderTests/Pods-RemiderTests.release.xcconfig"; sourceTree = "<group>"; };
		63D34425F3C309F3B297836B /* Pods-Remider-RemiderUITests.release.xcconfig */ = {isa = PBXFileReference; includeInIndex = 1; lastKnownFileType = text.xcconfig; name = "Pods-Remider-RemiderUITests.release.xcconfig"; path = "Target Support Files/Pods-Remider-RemiderUITests/Pods-Remider-RemiderUITests.release.xcconfig"; sourceTree = "<group>"; };
		76BCFDBA2D4965E800E83F6F /* GoogleService-Info.plist */ = {isa = PBXFileReference; lastKnownFileType = text.plist.xml; path = "GoogleService-Info.plist"; sourceTree = "<group>"; };
		76F34E6C2D3C84BD00A30E3C /* Remider.app */ = {isa = PBXFileReference; explicitFileType = wrapper.application; includeInIndex = 0; path = Remider.app; sourceTree = BUILT_PRODUCTS_DIR; };
		76F34E822D3C84BF00A30E3C /* RemiderTests.xctest */ = {isa = PBXFileReference; explicitFileType = wrapper.cfbundle; includeInIndex = 0; path = RemiderTests.xctest; sourceTree = BUILT_PRODUCTS_DIR; };
		76F34E8C2D3C84BF00A30E3C /* RemiderUITests.xctest */ = {isa = PBXFileReference; explicitFileType = wrapper.cfbundle; includeInIndex = 0; path = RemiderUITests.xctest; sourceTree = BUILT_PRODUCTS_DIR; };
		A0CFB5E5A927D1C5E61BB620 /* Pods_RemiderTests.framework */ = {isa = PBXFileReference; explicitFileType = wrapper.framework; includeInIndex = 0; path = Pods_RemiderTests.framework; sourceTree = BUILT_PRODUCTS_DIR; };
		D85E04025C56E5196A7B4F89 /* Pods_Remider.framework */ = {isa = PBXFileReference; explicitFileType = wrapper.framework; includeInIndex = 0; path = Pods_Remider.framework; sourceTree = BUILT_PRODUCTS_DIR; };
		DBE68A3E4D85831D1BC6A530 /* Pods-RemiderTests.debug.xcconfig */ = {isa = PBXFileReference; includeInIndex = 1; lastKnownFileType = text.xcconfig; name = "Pods-RemiderTests.debug.xcconfig"; path = "Target Support Files/Pods-RemiderTests/Pods-RemiderTests.debug.xcconfig"; sourceTree = "<group>"; };
		F5C302A14C1EDC5FFA9DAA48 /* Pods-Remider.debug.xcconfig */ = {isa = PBXFileReference; includeInIndex = 1; lastKnownFileType = text.xcconfig; name = "Pods-Remider.debug.xcconfig"; path = "Target Support Files/Pods-Remider/Pods-Remider.debug.xcconfig"; sourceTree = "<group>"; };
		FB479B7141628D52B595DF7D /* Pods-Remider-RemiderUITests.debug.xcconfig */ = {isa = PBXFileReference; includeInIndex = 1; lastKnownFileType = text.xcconfig; name = "Pods-Remider-RemiderUITests.debug.xcconfig"; path = "Target Support Files/Pods-Remider-RemiderUITests/Pods-Remider-RemiderUITests.debug.xcconfig"; sourceTree = "<group>"; };
		FFCDF6AF3159636342716668 /* Pods-Remider.release.xcconfig */ = {isa = PBXFileReference; includeInIndex = 1; lastKnownFileType = text.xcconfig; name = "Pods-Remider.release.xcconfig"; path = "Target Support Files/Pods-Remider/Pods-Remider.release.xcconfig"; sourceTree = "<group>"; };
/* End PBXFileReference section */

/* Begin PBXFileSystemSynchronizedBuildFileExceptionSet section */
		76F34E942D3C84BF00A30E3C /* Exceptions for "Remider" folder in "Remider" target */ = {
			isa = PBXFileSystemSynchronizedBuildFileExceptionSet;
			membershipExceptions = (
				Info.plist,
			);
			target = 76F34E6B2D3C84BD00A30E3C /* Remider */;
		};
/* End PBXFileSystemSynchronizedBuildFileExceptionSet section */

/* Begin PBXFileSystemSynchronizedRootGroup section */
		76F34E6E2D3C84BD00A30E3C /* Remider */ = {
			isa = PBXFileSystemSynchronizedRootGroup;
			exceptions = (
				76F34E942D3C84BF00A30E3C /* Exceptions for "Remider" folder in "Remider" target */,
			);
			path = Remider;
			sourceTree = "<group>";
		};
/* End PBXFileSystemSynchronizedRootGroup section */

/* Begin PBXFrameworksBuildPhase section */
		76F34E692D3C84BD00A30E3C /* Frameworks */ = {
			isa = PBXFrameworksBuildPhase;
			buildActionMask = 2147483647;
			files = (
				D136B13128059BED0A679E80 /* Pods_Remider.framework in Frameworks */,
			);
			runOnlyForDeploymentPostprocessing = 0;
		};
		76F34E7F2D3C84BF00A30E3C /* Frameworks */ = {
			isa = PBXFrameworksBuildPhase;
			buildActionMask = 2147483647;
			files = (
				046BBF4AB5F92B363C5B2A0F /* Pods_RemiderTests.framework in Frameworks */,
			);
			runOnlyForDeploymentPostprocessing = 0;
		};
		76F34E892D3C84BF00A30E3C /* Frameworks */ = {
			isa = PBXFrameworksBuildPhase;
			buildActionMask = 2147483647;
			files = (
				6BFDA7FA7EB4F262CDA22842 /* Pods_Remider_RemiderUITests.framework in Frameworks */,
			);
			runOnlyForDeploymentPostprocessing = 0;
		};
/* End PBXFrameworksBuildPhase section */

/* Begin PBXGroup section */
		0D1662BD35D82EC5A7DCC7D1 /* Frameworks */ = {
			isa = PBXGroup;
			children = (
				D85E04025C56E5196A7B4F89 /* Pods_Remider.framework */,
				08FEDF4D3AD91A017DE94048 /* Pods_Remider_RemiderUITests.framework */,
				A0CFB5E5A927D1C5E61BB620 /* Pods_RemiderTests.framework */,
			);
			name = Frameworks;
			sourceTree = "<group>";
		};
		26EF0A3D02FFCD1F99EF4AA1 /* Pods */ = {
			isa = PBXGroup;
			children = (
				F5C302A14C1EDC5FFA9DAA48 /* Pods-Remider.debug.xcconfig */,
				FFCDF6AF3159636342716668 /* Pods-Remider.release.xcconfig */,
				FB479B7141628D52B595DF7D /* Pods-Remider-RemiderUITests.debug.xcconfig */,
				63D34425F3C309F3B297836B /* Pods-Remider-RemiderUITests.release.xcconfig */,
				DBE68A3E4D85831D1BC6A530 /* Pods-RemiderTests.debug.xcconfig */,
				2847B286C8C3935D4C818FA0 /* Pods-RemiderTests.release.xcconfig */,
			);
			path = Pods;
			sourceTree = "<group>";
		};
		76F34E632D3C84BD00A30E3C = {
			isa = PBXGroup;
			children = (
				76BCFDBA2D4965E800E83F6F /* GoogleService-Info.plist */,
				76F34E6E2D3C84BD00A30E3C /* Remider */,
				76F34E6D2D3C84BD00A30E3C /* Products */,
				26EF0A3D02FFCD1F99EF4AA1 /* Pods */,
				0D1662BD35D82EC5A7DCC7D1 /* Frameworks */,
			);
			sourceTree = "<group>";
		};
		76F34E6D2D3C84BD00A30E3C /* Products */ = {
			isa = PBXGroup;
			children = (
				76F34E6C2D3C84BD00A30E3C /* Remider.app */,
				76F34E822D3C84BF00A30E3C /* RemiderTests.xctest */,
				76F34E8C2D3C84BF00A30E3C /* RemiderUITests.xctest */,
			);
			name = Products;
			sourceTree = "<group>";
		};
/* End PBXGroup section */

/* Begin PBXNativeTarget section */
		76F34E6B2D3C84BD00A30E3C /* Remider */ = {
			isa = PBXNativeTarget;
			buildConfigurationList = 76F34E952D3C84C000A30E3C /* Build configuration list for PBXNativeTarget "Remider" */;
			buildPhases = (
				56FB2C7480873505B25349BE /* [CP] Check Pods Manifest.lock */,
				76F34E682D3C84BD00A30E3C /* Sources */,
				76F34E692D3C84BD00A30E3C /* Frameworks */,
				76F34E6A2D3C84BD00A30E3C /* Resources */,
				0F3235223938FCAFE2E4CDEF /* [CP] Embed Pods Frameworks */,
			);
			buildRules = (
			);
			dependencies = (
			);
			fileSystemSynchronizedGroups = (
				76F34E6E2D3C84BD00A30E3C /* Remider */,
			);
			name = Remider;
			productName = Remider;
			productReference = 76F34E6C2D3C84BD00A30E3C /* Remider.app */;
			productType = "com.apple.product-type.application";
		};
		76F34E812D3C84BF00A30E3C /* RemiderTests */ = {
			isa = PBXNativeTarget;
			buildConfigurationList = 76F34E9A2D3C84C000A30E3C /* Build configuration list for PBXNativeTarget "RemiderTests" */;
			buildPhases = (
				C91AF19E89A2D5629B70889D /* [CP] Check Pods Manifest.lock */,
				76F34E7E2D3C84BF00A30E3C /* Sources */,
				76F34E7F2D3C84BF00A30E3C /* Frameworks */,
				76F34E802D3C84BF00A30E3C /* Resources */,
			);
			buildRules = (
			);
			dependencies = (
				76F34E842D3C84BF00A30E3C /* PBXTargetDependency */,
			);
			name = RemiderTests;
			productName = RemiderTests;
			productReference = 76F34E822D3C84BF00A30E3C /* RemiderTests.xctest */;
			productType = "com.apple.product-type.bundle.unit-test";
		};
		76F34E8B2D3C84BF00A30E3C /* RemiderUITests */ = {
			isa = PBXNativeTarget;
			buildConfigurationList = 76F34E9D2D3C84C000A30E3C /* Build configuration list for PBXNativeTarget "RemiderUITests" */;
			buildPhases = (
				E2D1059912F7845CE2AC5E47 /* [CP] Check Pods Manifest.lock */,
				76F34E882D3C84BF00A30E3C /* Sources */,
				76F34E892D3C84BF00A30E3C /* Frameworks */,
				76F34E8A2D3C84BF00A30E3C /* Resources */,
				BA663607D02CFEBF1CEE9824 /* [CP] Embed Pods Frameworks */,
			);
			buildRules = (
			);
			dependencies = (
				76F34E8E2D3C84BF00A30E3C /* PBXTargetDependency */,
			);
			name = RemiderUITests;
			productName = RemiderUITests;
			productReference = 76F34E8C2D3C84BF00A30E3C /* RemiderUITests.xctest */;
			productType = "com.apple.product-type.bundle.ui-testing";
		};
/* End PBXNativeTarget section */

/* Begin PBXProject section */
		76F34E642D3C84BD00A30E3C /* Project object */ = {
			isa = PBXProject;
			attributes = {
				BuildIndependentTargetsInParallel = 1;
				LastSwiftUpdateCheck = 1610;
				LastUpgradeCheck = 1610;
				TargetAttributes = {
					76F34E6B2D3C84BD00A30E3C = {
						CreatedOnToolsVersion = 16.1;
					};
					76F34E812D3C84BF00A30E3C = {
						CreatedOnToolsVersion = 16.1;
						TestTargetID = 76F34E6B2D3C84BD00A30E3C;
					};
					76F34E8B2D3C84BF00A30E3C = {
						CreatedOnToolsVersion = 16.1;
						TestTargetID = 76F34E6B2D3C84BD00A30E3C;
					};
				};
			};
			buildConfigurationList = 76F34E672D3C84BD00A30E3C /* Build configuration list for PBXProject "Remider" */;
			developmentRegion = en;
			hasScannedForEncodings = 0;
			knownRegions = (
				en,
				Base,
			);
			mainGroup = 76F34E632D3C84BD00A30E3C;
			minimizedProjectReferenceProxies = 1;
			preferredProjectObjectVersion = 77;
			productRefGroup = 76F34E6D2D3C84BD00A30E3C /* Products */;
			projectDirPath = "";
			projectRoot = "";
			targets = (
				76F34E6B2D3C84BD00A30E3C /* Remider */,
				76F34E812D3C84BF00A30E3C /* RemiderTests */,
				76F34E8B2D3C84BF00A30E3C /* RemiderUITests */,
			);
		};
/* End PBXProject section */

/* Begin PBXResourcesBuildPhase section */
		76F34E6A2D3C84BD00A30E3C /* Resources */ = {
			isa = PBXResourcesBuildPhase;
			buildActionMask = 2147483647;
			files = (
				76BCFDBB2D4965E800E83F6F /* GoogleService-Info.plist in Resources */,
			);
			runOnlyForDeploymentPostprocessing = 0;
		};
		76F34E802D3C84BF00A30E3C /* Resources */ = {
			isa = PBXResourcesBuildPhase;
			buildActionMask = 2147483647;
			files = (
			);
			runOnlyForDeploymentPostprocessing = 0;
		};
		76F34E8A2D3C84BF00A30E3C /* Resources */ = {
			isa = PBXResourcesBuildPhase;
			buildActionMask = 2147483647;
			files = (
			);
			runOnlyForDeploymentPostprocessing = 0;
		};
/* End PBXResourcesBuildPhase section */

/* Begin PBXShellScriptBuildPhase section */
		0F3235223938FCAFE2E4CDEF /* [CP] Embed Pods Frameworks */ = {
			isa = PBXShellScriptBuildPhase;
			buildActionMask = 2147483647;
			files = (
			);
			inputFileListPaths = (
				"${PODS_ROOT}/Target Support Files/Pods-Remider/Pods-Remider-frameworks-${CONFIGURATION}-input-files.xcfilelist",
			);
			name = "[CP] Embed Pods Frameworks";
			outputFileListPaths = (
				"${PODS_ROOT}/Target Support Files/Pods-Remider/Pods-Remider-frameworks-${CONFIGURATION}-output-files.xcfilelist",
			);
			runOnlyForDeploymentPostprocessing = 0;
			shellPath = /bin/sh;
			shellScript = "\"${PODS_ROOT}/Target Support Files/Pods-Remider/Pods-Remider-frameworks.sh\"\n";
			showEnvVarsInLog = 0;
		};
		56FB2C7480873505B25349BE /* [CP] Check Pods Manifest.lock */ = {
			isa = PBXShellScriptBuildPhase;
			buildActionMask = 2147483647;
			files = (
			);
			inputFileListPaths = (
			);
			inputPaths = (
				"${PODS_PODFILE_DIR_PATH}/Podfile.lock",
				"${PODS_ROOT}/Manifest.lock",
			);
			name = "[CP] Check Pods Manifest.lock";
			outputFileListPaths = (
			);
			outputPaths = (
				"$(DERIVED_FILE_DIR)/Pods-Remider-checkManifestLockResult.txt",
			);
			runOnlyForDeploymentPostprocessing = 0;
			shellPath = /bin/sh;
			shellScript = "diff \"${PODS_PODFILE_DIR_PATH}/Podfile.lock\" \"${PODS_ROOT}/Manifest.lock\" > /dev/null\nif [ $? != 0 ] ; then\n    # print error to STDERR\n    echo \"error: The sandbox is not in sync with the Podfile.lock. Run 'pod install' or update your CocoaPods installation.\" >&2\n    exit 1\nfi\n# This output is used by Xcode 'outputs' to avoid re-running this script phase.\necho \"SUCCESS\" > \"${SCRIPT_OUTPUT_FILE_0}\"\n";
			showEnvVarsInLog = 0;
		};
		BA663607D02CFEBF1CEE9824 /* [CP] Embed Pods Frameworks */ = {
			isa = PBXShellScriptBuildPhase;
			buildActionMask = 2147483647;
			files = (
			);
			inputFileListPaths = (
				"${PODS_ROOT}/Target Support Files/Pods-Remider-RemiderUITests/Pods-Remider-RemiderUITests-frameworks-${CONFIGURATION}-input-files.xcfilelist",
			);
			name = "[CP] Embed Pods Frameworks";
			outputFileListPaths = (
				"${PODS_ROOT}/Target Support Files/Pods-Remider-RemiderUITests/Pods-Remider-RemiderUITests-frameworks-${CONFIGURATION}-output-files.xcfilelist",
			);
			runOnlyForDeploymentPostprocessing = 0;
			shellPath = /bin/sh;
			shellScript = "\"${PODS_ROOT}/Target Support Files/Pods-Remider-RemiderUITests/Pods-Remider-RemiderUITests-frameworks.sh\"\n";
			showEnvVarsInLog = 0;
		};
		C91AF19E89A2D5629B70889D /* [CP] Check Pods Manifest.lock */ = {
			isa = PBXShellScriptBuildPhase;
			buildActionMask = 2147483647;
			files = (
			);
			inputFileListPaths = (
			);
			inputPaths = (
				"${PODS_PODFILE_DIR_PATH}/Podfile.lock",
				"${PODS_ROOT}/Manifest.lock",
			);
			name = "[CP] Check Pods Manifest.lock";
			outputFileListPaths = (
			);
			outputPaths = (
				"$(DERIVED_FILE_DIR)/Pods-RemiderTests-checkManifestLockResult.txt",
			);
			runOnlyForDeploymentPostprocessing = 0;
			shellPath = /bin/sh;
			shellScript = "diff \"${PODS_PODFILE_DIR_PATH}/Podfile.lock\" \"${PODS_ROOT}/Manifest.lock\" > /dev/null\nif [ $? != 0 ] ; then\n    # print error to STDERR\n    echo \"error: The sandbox is not in sync with the Podfile.lock. Run 'pod install' or update your CocoaPods installation.\" >&2\n    exit 1\nfi\n# This output is used by Xcode 'outputs' to avoid re-running this script phase.\necho \"SUCCESS\" > \"${SCRIPT_OUTPUT_FILE_0}\"\n";
			showEnvVarsInLog = 0;
		};
		E2D1059912F7845CE2AC5E47 /* [CP] Check Pods Manifest.lock */ = {
			isa = PBXShellScriptBuildPhase;
			buildActionMask = 2147483647;
			files = (
			);
			inputFileListPaths = (
			);
			inputPaths = (
				"${PODS_PODFILE_DIR_PATH}/Podfile.lock",
				"${PODS_ROOT}/Manifest.lock",
			);
			name = "[CP] Check Pods Manifest.lock";
			outputFileListPaths = (
			);
			outputPaths = (
				"$(DERIVED_FILE_DIR)/Pods-Remider-RemiderUITests-checkManifestLockResult.txt",
			);
			runOnlyForDeploymentPostprocessing = 0;
			shellPath = /bin/sh;
			shellScript = "diff \"${PODS_PODFILE_DIR_PATH}/Podfile.lock\" \"${PODS_ROOT}/Manifest.lock\" > /dev/null\nif [ $? != 0 ] ; then\n    # print error to STDERR\n    echo \"error: The sandbox is not in sync with the Podfile.lock. Run 'pod install' or update your CocoaPods installation.\" >&2\n    exit 1\nfi\n# This output is used by Xcode 'outputs' to avoid re-running this script phase.\necho \"SUCCESS\" > \"${SCRIPT_OUTPUT_FILE_0}\"\n";
			showEnvVarsInLog = 0;
		};
/* End PBXShellScriptBuildPhase section */

/* Begin PBXSourcesBuildPhase section */
		76F34E682D3C84BD00A30E3C /* Sources */ = {
			isa = PBXSourcesBuildPhase;
			buildActionMask = 2147483647;
			files = (
			);
			runOnlyForDeploymentPostprocessing = 0;
		};
		76F34E7E2D3C84BF00A30E3C /* Sources */ = {
			isa = PBXSourcesBuildPhase;
			buildActionMask = 2147483647;
			files = (
			);
			runOnlyForDeploymentPostprocessing = 0;
		};
		76F34E882D3C84BF00A30E3C /* Sources */ = {
			isa = PBXSourcesBuildPhase;
			buildActionMask = 2147483647;
			files = (
			);
			runOnlyForDeploymentPostprocessing = 0;
		};
/* End PBXSourcesBuildPhase section */

/* Begin PBXTargetDependency section */
		76F34E842D3C84BF00A30E3C /* PBXTargetDependency */ = {
			isa = PBXTargetDependency;
			target = 76F34E6B2D3C84BD00A30E3C /* Remider */;
			targetProxy = 76F34E832D3C84BF00A30E3C /* PBXContainerItemProxy */;
		};
		76F34E8E2D3C84BF00A30E3C /* PBXTargetDependency */ = {
			isa = PBXTargetDependency;
			target = 76F34E6B2D3C84BD00A30E3C /* Remider */;
			targetProxy = 76F34E8D2D3C84BF00A30E3C /* PBXContainerItemProxy */;
		};
/* End PBXTargetDependency section */

/* Begin XCBuildConfiguration section */
		76F34E962D3C84C000A30E3C /* Debug */ = {
			isa = XCBuildConfiguration;
			baseConfigurationReference = F5C302A14C1EDC5FFA9DAA48 /* Pods-Remider.debug.xcconfig */;
			buildSettings = {
				ASSETCATALOG_COMPILER_APPICON_NAME = AppIcon;
				ASSETCATALOG_COMPILER_GLOBAL_ACCENT_COLOR_NAME = AccentColor;
				CODE_SIGN_STYLE = Automatic;
				CURRENT_PROJECT_VERSION = 1;
				GENERATE_INFOPLIST_FILE = YES;
				INFOPLIST_FILE = Remider/Info.plist;
				INFOPLIST_KEY_UIApplicationSupportsIndirectInputEvents = YES;
				INFOPLIST_KEY_UILaunchStoryboardName = SplashViewController;
				INFOPLIST_KEY_UISupportedInterfaceOrientations_iPad = "UIInterfaceOrientationPortrait UIInterfaceOrientationPortraitUpsideDown UIInterfaceOrientationLandscapeLeft UIInterfaceOrientationLandscapeRight";
				INFOPLIST_KEY_UISupportedInterfaceOrientations_iPhone = "UIInterfaceOrientationPortrait UIInterfaceOrientationLandscapeLeft UIInterfaceOrientationLandscapeRight";
				LD_RUNPATH_SEARCH_PATHS = (
					"$(inherited)",
					"@executable_path/Frameworks",
				);
				MARKETING_VERSION = 1.0;
				PRODUCT_BUNDLE_IDENTIFIER = com.RocketPlayTest.Remider;
				PRODUCT_NAME = "$(TARGET_NAME)";
				SWIFT_EMIT_LOC_STRINGS = YES;
				SWIFT_VERSION = 5.0;
				TARGETED_DEVICE_FAMILY = "1,2";
			};
			name = Debug;
		};
		76F34E972D3C84C000A30E3C /* Release */ = {
			isa = XCBuildConfiguration;
			baseConfigurationReference = FFCDF6AF3159636342716668 /* Pods-Remider.release.xcconfig */;
			buildSettings = {
				ASSETCATALOG_COMPILER_APPICON_NAME = AppIcon;
				ASSETCATALOG_COMPILER_GLOBAL_ACCENT_COLOR_NAME = AccentColor;
				CODE_SIGN_STYLE = Automatic;
				CURRENT_PROJECT_VERSION = 1;
				GENERATE_INFOPLIST_FILE = YES;
				INFOPLIST_FILE = Remider/Info.plist;
				INFOPLIST_KEY_UIApplicationSupportsIndirectInputEvents = YES;
				INFOPLIST_KEY_UILaunchStoryboardName = SplashViewController;
				INFOPLIST_KEY_UISupportedInterfaceOrientations_iPad = "UIInterfaceOrientationPortrait UIInterfaceOrientationPortraitUpsideDown UIInterfaceOrientationLandscapeLeft UIInterfaceOrientationLandscapeRight";
				INFOPLIST_KEY_UISupportedInterfaceOrientations_iPhone = "UIInterfaceOrientationPortrait UIInterfaceOrientationLandscapeLeft UIInterfaceOrientationLandscapeRight";
				LD_RUNPATH_SEARCH_PATHS = (
					"$(inherited)",
					"@executable_path/Frameworks",
				);
				MARKETING_VERSION = 1.0;
				PRODUCT_BUNDLE_IDENTIFIER = com.RocketPlayTest.Remider;
				PRODUCT_NAME = "$(TARGET_NAME)";
				SWIFT_EMIT_LOC_STRINGS = YES;
				SWIFT_VERSION = 5.0;
				TARGETED_DEVICE_FAMILY = "1,2";
			};
			name = Release;
		};
		76F34E982D3C84C000A30E3C /* Debug */ = {
			isa = XCBuildConfiguration;
			buildSettings = {
				ALWAYS_SEARCH_USER_PATHS = NO;
				ASSETCATALOG_COMPILER_GENERATE_SWIFT_ASSET_SYMBOL_EXTENSIONS = YES;
				CLANG_ANALYZER_NONNULL = YES;
				CLANG_ANALYZER_NUMBER_OBJECT_CONVERSION = YES_AGGRESSIVE;
				CLANG_CXX_LANGUAGE_STANDARD = "gnu++20";
				CLANG_ENABLE_MODULES = YES;
				CLANG_ENABLE_OBJC_ARC = YES;
				CLANG_ENABLE_OBJC_WEAK = YES;
				CLANG_WARN_BLOCK_CAPTURE_AUTORELEASING = YES;
				CLANG_WARN_BOOL_CONVERSION = YES;
				CLANG_WARN_COMMA = YES;
				CLANG_WARN_CONSTANT_CONVERSION = YES;
				CLANG_WARN_DEPRECATED_OBJC_IMPLEMENTATIONS = YES;
				CLANG_WARN_DIRECT_OBJC_ISA_USAGE = YES_ERROR;
				CLANG_WARN_DOCUMENTATION_COMMENTS = YES;
				CLANG_WARN_EMPTY_BODY = YES;
				CLANG_WARN_ENUM_CONVERSION = YES;
				CLANG_WARN_INFINITE_RECURSION = YES;
				CLANG_WARN_INT_CONVERSION = YES;
				CLANG_WARN_NON_LITERAL_NULL_CONVERSION = YES;
				CLANG_WARN_OBJC_IMPLICIT_RETAIN_SELF = YES;
				CLANG_WARN_OBJC_LITERAL_CONVERSION = YES;
				CLANG_WARN_OBJC_ROOT_CLASS = YES_ERROR;
				CLANG_WARN_QUOTED_INCLUDE_IN_FRAMEWORK_HEADER = YES;
				CLANG_WARN_RANGE_LOOP_ANALYSIS = YES;
				CLANG_WARN_STRICT_PROTOTYPES = YES;
				CLANG_WARN_SUSPICIOUS_MOVE = YES;
				CLANG_WARN_UNGUARDED_AVAILABILITY = YES_AGGRESSIVE;
				CLANG_WARN_UNREACHABLE_CODE = YES;
				CLANG_WARN__DUPLICATE_METHOD_MATCH = YES;
				COPY_PHASE_STRIP = NO;
				DEBUG_INFORMATION_FORMAT = dwarf;
				ENABLE_STRICT_OBJC_MSGSEND = YES;
				ENABLE_TESTABILITY = YES;
				ENABLE_USER_SCRIPT_SANDBOXING = NO;
				GCC_C_LANGUAGE_STANDARD = gnu17;
				GCC_DYNAMIC_NO_PIC = NO;
				GCC_NO_COMMON_BLOCKS = YES;
				GCC_OPTIMIZATION_LEVEL = 0;
				GCC_PREPROCESSOR_DEFINITIONS = (
					"DEBUG=1",
					"$(inherited)",
				);
				GCC_WARN_64_TO_32_BIT_CONVERSION = YES;
				GCC_WARN_ABOUT_RETURN_TYPE = YES_ERROR;
				GCC_WARN_UNDECLARED_SELECTOR = YES;
				GCC_WARN_UNINITIALIZED_AUTOS = YES_AGGRESSIVE;
				GCC_WARN_UNUSED_FUNCTION = YES;
				GCC_WARN_UNUSED_VARIABLE = YES;
				IPHONEOS_DEPLOYMENT_TARGET = 18.1;
				LOCALIZATION_PREFERS_STRING_CATALOGS = YES;
				MTL_ENABLE_DEBUG_INFO = INCLUDE_SOURCE;
				MTL_FAST_MATH = YES;
				ONLY_ACTIVE_ARCH = YES;
				SDKROOT = iphoneos;
				SWIFT_ACTIVE_COMPILATION_CONDITIONS = "DEBUG $(inherited)";
				SWIFT_OPTIMIZATION_LEVEL = "-Onone";
			};
			name = Debug;
		};
		76F34E992D3C84C000A30E3C /* Release */ = {
			isa = XCBuildConfiguration;
			buildSettings = {
				ALWAYS_SEARCH_USER_PATHS = NO;
				ASSETCATALOG_COMPILER_GENERATE_SWIFT_ASSET_SYMBOL_EXTENSIONS = YES;
				CLANG_ANALYZER_NONNULL = YES;
				CLANG_ANALYZER_NUMBER_OBJECT_CONVERSION = YES_AGGRESSIVE;
				CLANG_CXX_LANGUAGE_STANDARD = "gnu++20";
				CLANG_ENABLE_MODULES = YES;
				CLANG_ENABLE_OBJC_ARC = YES;
				CLANG_ENABLE_OBJC_WEAK = YES;
				CLANG_WARN_BLOCK_CAPTURE_AUTORELEASING = YES;
				CLANG_WARN_BOOL_CONVERSION = YES;
				CLANG_WARN_COMMA = YES;
				CLANG_WARN_CONSTANT_CONVERSION = YES;
				CLANG_WARN_DEPRECATED_OBJC_IMPLEMENTATIONS = YES;
				CLANG_WARN_DIRECT_OBJC_ISA_USAGE = YES_ERROR;
				CLANG_WARN_DOCUMENTATION_COMMENTS = YES;
				CLANG_WARN_EMPTY_BODY = YES;
				CLANG_WARN_ENUM_CONVERSION = YES;
				CLANG_WARN_INFINITE_RECURSION = YES;
				CLANG_WARN_INT_CONVERSION = YES;
				CLANG_WARN_NON_LITERAL_NULL_CONVERSION = YES;
				CLANG_WARN_OBJC_IMPLICIT_RETAIN_SELF = YES;
				CLANG_WARN_OBJC_LITERAL_CONVERSION = YES;
				CLANG_WARN_OBJC_ROOT_CLASS = YES_ERROR;
				CLANG_WARN_QUOTED_INCLUDE_IN_FRAMEWORK_HEADER = YES;
				CLANG_WARN_RANGE_LOOP_ANALYSIS = YES;
				CLANG_WARN_STRICT_PROTOTYPES = YES;
				CLANG_WARN_SUSPICIOUS_MOVE = YES;
				CLANG_WARN_UNGUARDED_AVAILABILITY = YES_AGGRESSIVE;
				CLANG_WARN_UNREACHABLE_CODE = YES;
				CLANG_WARN__DUPLICATE_METHOD_MATCH = YES;
				COPY_PHASE_STRIP = NO;
				DEBUG_INFORMATION_FORMAT = "dwarf-with-dsym";
				ENABLE_NS_ASSERTIONS = NO;
				ENABLE_STRICT_OBJC_MSGSEND = YES;
				ENABLE_USER_SCRIPT_SANDBOXING = NO;
				GCC_C_LANGUAGE_STANDARD = gnu17;
				GCC_NO_COMMON_BLOCKS = YES;
				GCC_WARN_64_TO_32_BIT_CONVERSION = YES;
				GCC_WARN_ABOUT_RETURN_TYPE = YES_ERROR;
				GCC_WARN_UNDECLARED_SELECTOR = YES;
				GCC_WARN_UNINITIALIZED_AUTOS = YES_AGGRESSIVE;
				GCC_WARN_UNUSED_FUNCTION = YES;
				GCC_WARN_UNUSED_VARIABLE = YES;
				IPHONEOS_DEPLOYMENT_TARGET = 18.1;
				LOCALIZATION_PREFERS_STRING_CATALOGS = YES;
				MTL_ENABLE_DEBUG_INFO = NO;
				MTL_FAST_MATH = YES;
				SDKROOT = iphoneos;
				SWIFT_COMPILATION_MODE = wholemodule;
				VALIDATE_PRODUCT = YES;
			};
			name = Release;
		};
		76F34E9B2D3C84C000A30E3C /* Debug */ = {
			isa = XCBuildConfiguration;
			baseConfigurationReference = DBE68A3E4D85831D1BC6A530 /* Pods-RemiderTests.debug.xcconfig */;
			buildSettings = {
				BUNDLE_LOADER = "$(TEST_HOST)";
				CODE_SIGN_STYLE = Automatic;
				CURRENT_PROJECT_VERSION = 1;
				GENERATE_INFOPLIST_FILE = YES;
				IPHONEOS_DEPLOYMENT_TARGET = 18.1;
				MARKETING_VERSION = 1.0;
				PRODUCT_BUNDLE_IDENTIFIER = com.RocketPlayTest.RemiderTests;
				PRODUCT_NAME = "$(TARGET_NAME)";
				SWIFT_EMIT_LOC_STRINGS = NO;
				SWIFT_VERSION = 5.0;
				TARGETED_DEVICE_FAMILY = "1,2";
				TEST_HOST = "$(BUILT_PRODUCTS_DIR)/Remider.app/$(BUNDLE_EXECUTABLE_FOLDER_PATH)/Remider";
			};
			name = Debug;
		};
		76F34E9C2D3C84C000A30E3C /* Release */ = {
			isa = XCBuildConfiguration;
			baseConfigurationReference = 2847B286C8C3935D4C818FA0 /* Pods-RemiderTests.release.xcconfig */;
			buildSettings = {
				BUNDLE_LOADER = "$(TEST_HOST)";
				CODE_SIGN_STYLE = Automatic;
				CURRENT_PROJECT_VERSION = 1;
				GENERATE_INFOPLIST_FILE = YES;
				IPHONEOS_DEPLOYMENT_TARGET = 18.1;
				MARKETING_VERSION = 1.0;
				PRODUCT_BUNDLE_IDENTIFIER = com.RocketPlayTest.RemiderTests;
				PRODUCT_NAME = "$(TARGET_NAME)";
				SWIFT_EMIT_LOC_STRINGS = NO;
				SWIFT_VERSION = 5.0;
				TARGETED_DEVICE_FAMILY = "1,2";
				TEST_HOST = "$(BUILT_PRODUCTS_DIR)/Remider.app/$(BUNDLE_EXECUTABLE_FOLDER_PATH)/Remider";
			};
			name = Release;
		};
		76F34E9E2D3C84C000A30E3C /* Debug */ = {
			isa = XCBuildConfiguration;
			baseConfigurationReference = FB479B7141628D52B595DF7D /* Pods-Remider-RemiderUITests.debug.xcconfig */;
			buildSettings = {
				CODE_SIGN_STYLE = Automatic;
				CURRENT_PROJECT_VERSION = 1;
				GENERATE_INFOPLIST_FILE = YES;
				MARKETING_VERSION = 1.0;
				PRODUCT_BUNDLE_IDENTIFIER = com.RocketPlayTest.RemiderUITests;
				PRODUCT_NAME = "$(TARGET_NAME)";
				SWIFT_EMIT_LOC_STRINGS = NO;
				SWIFT_VERSION = 5.0;
				TARGETED_DEVICE_FAMILY = "1,2";
				TEST_TARGET_NAME = Remider;
			};
			name = Debug;
		};
		76F34E9F2D3C84C000A30E3C /* Release */ = {
			isa = XCBuildConfiguration;
			baseConfigurationReference = 63D34425F3C309F3B297836B /* Pods-Remider-RemiderUITests.release.xcconfig */;
			buildSettings = {
				CODE_SIGN_STYLE = Automatic;
				CURRENT_PROJECT_VERSION = 1;
				GENERATE_INFOPLIST_FILE = YES;
				MARKETING_VERSION = 1.0;
				PRODUCT_BUNDLE_IDENTIFIER = com.RocketPlayTest.RemiderUITests;
				PRODUCT_NAME = "$(TARGET_NAME)";
				SWIFT_EMIT_LOC_STRINGS = NO;
				SWIFT_VERSION = 5.0;
				TARGETED_DEVICE_FAMILY = "1,2";
				TEST_TARGET_NAME = Remider;
			};
			name = Release;
		};
/* End XCBuildConfiguration section */

/* Begin XCConfigurationList section */
		76F34E672D3C84BD00A30E3C /* Build configuration list for PBXProject "Remider" */ = {
			isa = XCConfigurationList;
			buildConfigurations = (
				76F34E982D3C84C000A30E3C /* Debug */,
				76F34E992D3C84C000A30E3C /* Release */,
			);
			defaultConfigurationIsVisible = 0;
			defaultConfigurationName = Release;
		};
		76F34E952D3C84C000A30E3C /* Build configuration list for PBXNativeTarget "Remider" */ = {
			isa = XCConfigurationList;
			buildConfigurations = (
				76F34E962D3C84C000A30E3C /* Debug */,
				76F34E972D3C84C000A30E3C /* Release */,
			);
			defaultConfigurationIsVisible = 0;
			defaultConfigurationName = Release;
		};
		76F34E9A2D3C84C000A30E3C /* Build configuration list for PBXNativeTarget "RemiderTests" */ = {
			isa = XCConfigurationList;
			buildConfigurations = (
				76F34E9B2D3C84C000A30E3C /* Debug */,
				76F34E9C2D3C84C000A30E3C /* Release */,
			);
			defaultConfigurationIsVisible = 0;
			defaultConfigurationName = Release;
		};
		76F34E9D2D3C84C000A30E3C /* Build configuration list for PBXNativeTarget "RemiderUITests" */ = {
			isa = XCConfigurationList;
			buildConfigurations = (
				76F34E9E2D3C84C000A30E3C /* Debug */,
				76F34E9F2D3C84C000A30E3C /* Release */,
			);
			defaultConfigurationIsVisible = 0;
			defaultConfigurationName = Release;
		};
/* End XCConfigurationList section */
	};
	rootObject = 76F34E642D3C84BD00A30E3C /* Project object */;
}
